
Microsoft Visual Studio Solution File, Format Version 12.00
# Visual Studio Version 16
VisualStudioVersion = 16.0.29827.131
MinimumVisualStudioVersion = 10.0.40219.1
Project("{9A19103F-16F7-4668-BE54-9A1E7A4F7556}") = "stdio-rx-cs", "src\stdio-rx-cs\stdio-rx-cs.csproj", "{D8E06589-CE7A-46F0-A89F-C24214188E8C}"
EndProject
Project("{6EC3EE1D-3C4E-46DD-8F32-0CC8E7565705}") = "stdio-rx-fs", "src\stdio-rx-fs\stdio-rx-fs.fsproj", "{2D2F71ED-7BDD-449B-9FD3-8B90A00471B7}"
EndProject
Project("{2150E333-8FDC-42A3-9474-1A3956D46DE8}") = "lib", "lib", "{75BBBC87-AE3A-4FDE-91F0-30DF8D374208}"
EndProject
Project("{2150E333-8FDC-42A3-9474-1A3956D46DE8}") = "examples", "examples", "{3DCADC5D-7FB2-45F4-89A8-8C4A8281BA5E}"
EndProject
Project("{9A19103F-16F7-4668-BE54-9A1E7A4F7556}") = "example-cs", "examples\example-cs\example-cs.csproj", "{F58AF6E9-2B13-4C64-9FD0-E278B45BEB05}"
EndProject
Global
	GlobalSection(SolutionConfigurationPlatforms) = preSolution
		Debug|Any CPU = Debug|Any CPU
		Release|Any CPU = Release|Any CPU
	EndGlobalSection
	GlobalSection(ProjectConfigurationPlatforms) = postSolution
		{D8E06589-CE7A-46F0-A89F-C24214188E8C}.Debug|Any CPU.ActiveCfg = Debug|Any CPU
		{D8E06589-CE7A-46F0-A89F-C24214188E8C}.Debug|Any CPU.Build.0 = Debug|Any CPU
		{D8E06589-CE7A-46F0-A89F-C24214188E8C}.Release|Any CPU.ActiveCfg = Release|Any CPU
		{D8E06589-CE7A-46F0-A89F-C24214188E8C}.Release|Any CPU.Build.0 = Release|Any CPU
		{2D2F71ED-7BDD-449B-9FD3-8B90A00471B7}.Debug|Any CPU.ActiveCfg = Debug|Any CPU
		{2D2F71ED-7BDD-449B-9FD3-8B90A00471B7}.Debug|Any CPU.Build.0 = Debug|Any CPU
		{2D2F71ED-7BDD-449B-9FD3-8B90A00471B7}.Release|Any CPU.ActiveCfg = Release|Any CPU
		{2D2F71ED-7BDD-449B-9FD3-8B90A00471B7}.Release|Any CPU.Build.0 = Release|Any CPU
		{F58AF6E9-2B13-4C64-9FD0-E278B45BEB05}.Debug|Any CPU.ActiveCfg = Debug|Any CPU
		{F58AF6E9-2B13-4C64-9FD0-E278B45BEB05}.Debug|Any CPU.Build.0 = Debug|Any CPU
		{F58AF6E9-2B13-4C64-9FD0-E278B45BEB05}.Release|Any CPU.ActiveCfg = Release|Any CPU
		{F58AF6E9-2B13-4C64-9FD0-E278B45BEB05}.Release|Any CPU.Build.0 = Release|Any CPU
	EndGlobalSection
	GlobalSection(SolutionProperties) = preSolution
		HideSolutionNode = FALSE
	EndGlobalSection
	GlobalSection(NestedProjects) = preSolution
		{D8E06589-CE7A-46F0-A89F-C24214188E8C} = {75BBBC87-AE3A-4FDE-91F0-30DF8D374208}
		{2D2F71ED-7BDD-449B-9FD3-8B90A00471B7} = {75BBBC87-AE3A-4FDE-91F0-30DF8D374208}
		{F58AF6E9-2B13-4C64-9FD0-E278B45BEB05} = {3DCADC5D-7FB2-45F4-89A8-8C4A8281BA5E}
	EndGlobalSection
	GlobalSection(ExtensibilityGlobals) = postSolution
		SolutionGuid = {FF29C9BF-18CA-41B8-BA9D-28FFDF7D66B7}
	EndGlobalSection
EndGlobal
